
Microsoft Visual Studio Solution File, Format Version 12.00
# Visual Studio Version 17
VisualStudioVersion = 17.4.33205.214
MinimumVisualStudioVersion = 10.0.40219.1
Project("{FAE04EC0-301F-11D3-BF4B-00C04F79EFBC}") = "SiteHelpdesk", "SiteHelpdesk\SiteHelpdesk.csproj", "{6DE107FF-7A61-4758-B218-36EBE9B5A07A}"
EndProject
Global
	GlobalSection(SolutionConfigurationPlatforms) = preSolution
		Debug|Any CPU = Debug|Any CPU
		Release|Any CPU = Release|Any CPU
	EndGlobalSection
	GlobalSection(ProjectConfigurationPlatforms) = postSolution
		{6DE107FF-7A61-4758-B218-36EBE9B5A07A}.Debug|Any CPU.ActiveCfg = Debug|Any CPU
		{6DE107FF-7A61-4758-B218-36EBE9B5A07A}.Debug|Any CPU.Build.0 = Debug|Any CPU
		{6DE107FF-7A61-4758-B218-36EBE9B5A07A}.Release|Any CPU.ActiveCfg = Release|Any CPU
		{6DE107FF-7A61-4758-B218-36EBE9B5A07A}.Release|Any CPU.Build.0 = Release|Any CPU
	EndGlobalSection
	GlobalSection(SolutionProperties) = preSolution
		HideSolutionNode = FALSE
	EndGlobalSection
	GlobalSection(ExtensibilityGlobals) = postSolution
		SolutionGuid = {A8AF7DB3-AEC1-4A2E-A902-8890B3B3F824}
	EndGlobalSection
EndGlobal
