{
  "name": "blog",
  "version": "1.0.0",
  "lockfileVersion": 2,
  "requires": true,
  "packages": {
    "": {
      "name": "blog",
      "version": "1.0.0",
      "license": "ISC",
      "devDependencies": {
        "prisma": "^4.7.1"
      }
    },
    "node_modules/@prisma/engines": {
      "version": "4.7.1",
      "resolved": "https://registry.npmjs.org/@prisma/engines/-/engines-4.7.1.tgz",
      "integrity": "sha512-zWabHosTdLpXXlMefHmnouhXMoTB1+SCbUU3t4FCmdrtIOZcarPKU3Alto7gm/pZ9vHlGOXHCfVZ1G7OIrSbog==",
      "dev": true,
      "hasInstallScript": true
    },
    "node_modules/prisma": {
      "version": "4.7.1",
      "resolved": "https://registry.npmjs.org/prisma/-/prisma-4.7.1.tgz",
      "integrity": "sha512-CCQP+m+1qZOGIZlvnL6T3ZwaU0LAleIHYFPN9tFSzjs/KL6vH9rlYbGOkTuG9Q1s6Ki5D0LJlYlW18Z9EBUpGg==",
      "dev": true,
      "hasInstallScript": true,
      "dependencies": {
        "@prisma/engines": "4.7.1"
      },
      "bin": {
        "prisma": "build/index.js",
        "prisma2": "build/index.js"
      },
      "engines": {
        "node": ">=14.17"
      }
    }
  },
  "dependencies": {
    "@prisma/engines": {
      "version": "4.7.1",
      "resolved": "https://registry.npmjs.org/@prisma/engines/-/engines-4.7.1.tgz",
      "integrity": "sha512-zWabHosTdLpXXlMefHmnouhXMoTB1+SCbUU3t4FCmdrtIOZcarPKU3Alto7gm/pZ9vHlGOXHCfVZ1G7OIrSbog==",
      "dev": true
    },
    "prisma": {
      "version": "4.7.1",
      "resolved": "https://registry.npmjs.org/prisma/-/prisma-4.7.1.tgz",
      "integrity": "sha512-CCQP+m+1qZOGIZlvnL6T3ZwaU0LAleIHYFPN9tFSzjs/KL6vH9rlYbGOkTuG9Q1s6Ki5D0LJlYlW18Z9EBUpGg==",
      "dev": true,
      "requires": {
        "@prisma/engines": "4.7.1"
      }
    }
  }
}
